
Microsoft Visual Studio Solution File, Format Version 12.00
# Visual Studio Version 17
VisualStudioVersion = 17.7.34221.43
MinimumVisualStudioVersion = 10.0.40219.1
Project("{FAE04EC0-301F-11D3-BF4B-00C04F79EFBC}") = "Generador de oferta", "Generador de oferta\Generador de oferta.csproj", "{BAAF8F4B-2258-489E-B1B5-5539AF59CEE4}"
EndProject
Project("{2150E333-8FDC-42A3-9474-1A3956D46DE8}") = "Elementos de la solución", "Elementos de la solución", "{E787E728-57EA-46A6-86D6-4D6AE603FEE5}"
EndProject
Global
	GlobalSection(SolutionConfigurationPlatforms) = preSolution
		Debug|Any CPU = Debug|Any CPU
		Release|Any CPU = Release|Any CPU
	EndGlobalSection
	GlobalSection(ProjectConfigurationPlatforms) = postSolution
		{BAAF8F4B-2258-489E-B1B5-5539AF59CEE4}.Debug|Any CPU.ActiveCfg = Debug|Any CPU
		{BAAF8F4B-2258-489E-B1B5-5539AF59CEE4}.Debug|Any CPU.Build.0 = Debug|Any CPU
		{BAAF8F4B-2258-489E-B1B5-5539AF59CEE4}.Release|Any CPU.ActiveCfg = Release|Any CPU
		{BAAF8F4B-2258-489E-B1B5-5539AF59CEE4}.Release|Any CPU.Build.0 = Release|Any CPU
	EndGlobalSection
	GlobalSection(SolutionProperties) = preSolution
		HideSolutionNode = FALSE
	EndGlobalSection
	GlobalSection(ExtensibilityGlobals) = postSolution
		SolutionGuid = {178E6A36-EACC-4702-9E89-4D60F889C10E}
	EndGlobalSection
EndGlobal
